// !$*UTF8*$!
{
	archiveVersion = 1;
	classes = {
	};
	objectVersion = 51;
	objects = {

/* Begin PBXBuildFile section */
		7684F5209B458548243A79E8 /* Pods_Swift5_ChatApp.framework in Frameworks */ = {isa = PBXBuildFile; fileRef = 373005E5E500EB06923B8D2A /* Pods_Swift5_ChatApp.framework */; };
		AF016D7D4F353F25C93BA0A4 /* Pods_Swift5_ChatApp_Swift5_ChatAppUITests.framework in Frameworks */ = {isa = PBXBuildFile; fileRef = 50FB947F7808E11FF17ECFE8 /* Pods_Swift5_ChatApp_Swift5_ChatAppUITests.framework */; };
		BD5F4085140719D555223519 /* Pods_Swift5_ChatAppTests.framework in Frameworks */ = {isa = PBXBuildFile; fileRef = AAB3F2E1C9273F628E8A9315 /* Pods_Swift5_ChatAppTests.framework */; };
		E7003D18248046F200F15528 /* message.swift in Sources */ = {isa = PBXBuildFile; fileRef = E7003D17248046F200F15528 /* message.swift */; };
		E70BA090247B1105005E6B26 /* AppDelegate.swift in Sources */ = {isa = PBXBuildFile; fileRef = E70BA08F247B1105005E6B26 /* AppDelegate.swift */; };
		E70BA092247B1105005E6B26 /* SceneDelegate.swift in Sources */ = {isa = PBXBuildFile; fileRef = E70BA091247B1105005E6B26 /* SceneDelegate.swift */; };
		E70BA094247B1105005E6B26 /* ViewController.swift in Sources */ = {isa = PBXBuildFile; fileRef = E70BA093247B1105005E6B26 /* ViewController.swift */; };
		E70BA097247B1105005E6B26 /* Main.storyboard in Resources */ = {isa = PBXBuildFile; fileRef = E70BA095247B1105005E6B26 /* Main.storyboard */; };
		E70BA099247B1108005E6B26 /* Assets.xcassets in Resources */ = {isa = PBXBuildFile; fileRef = E70BA098247B1108005E6B26 /* Assets.xcassets */; };
		E70BA09C247B1108005E6B26 /* LaunchScreen.storyboard in Resources */ = {isa = PBXBuildFile; fileRef = E70BA09A247B1108005E6B26 /* LaunchScreen.storyboard */; };
		E70BA0A7247B1108005E6B26 /* Swift5_ChatAppTests.swift in Sources */ = {isa = PBXBuildFile; fileRef = E70BA0A6247B1108005E6B26 /* Swift5_ChatAppTests.swift */; };
		E70BA0B2247B1109005E6B26 /* Swift5_ChatAppUITests.swift in Sources */ = {isa = PBXBuildFile; fileRef = E70BA0B1247B1109005E6B26 /* Swift5_ChatAppUITests.swift */; };
		E7A6CCF3247EAEFA00EC6F17 /* RegisterViewController.swift in Sources */ = {isa = PBXBuildFile; fileRef = E7A6CCF2247EAEFA00EC6F17 /* RegisterViewController.swift */; };
		E7A6CCF5247EF60800EC6F17 /* ChatViewController.swift in Sources */ = {isa = PBXBuildFile; fileRef = E7A6CCF4247EF60800EC6F17 /* ChatViewController.swift */; };
		E7A6CCF7247EF77800EC6F17 /* LoginViewController.swift in Sources */ = {isa = PBXBuildFile; fileRef = E7A6CCF6247EF77800EC6F17 /* LoginViewController.swift */; };
		E7A6CCFA247EFBF800EC6F17 /* CustomCell.swift in Sources */ = {isa = PBXBuildFile; fileRef = E7A6CCF8247EFBF800EC6F17 /* CustomCell.swift */; };
		E7A6CCFB247EFBF900EC6F17 /* CustomCell.xib in Resources */ = {isa = PBXBuildFile; fileRef = E7A6CCF9247EFBF800EC6F17 /* CustomCell.xib */; };
/* End PBXBuildFile section */

/* Begin PBXContainerItemProxy section */
		E70BA0A3247B1108005E6B26 /* PBXContainerItemProxy */ = {
			isa = PBXContainerItemProxy;
			containerPortal = E70BA084247B1104005E6B26 /* Project object */;
			proxyType = 1;
			remoteGlobalIDString = E70BA08B247B1105005E6B26;
			remoteInfo = "Swift5 ChatApp";
		};
		E70BA0AE247B1109005E6B26 /* PBXContainerItemProxy */ = {
			isa = PBXContainerItemProxy;
			containerPortal = E70BA084247B1104005E6B26 /* Project object */;
			proxyType = 1;
			remoteGlobalIDString = E70BA08B247B1105005E6B26;
			remoteInfo = "Swift5 ChatApp";
		};
/* End PBXContainerItemProxy section */

/* Begin PBXFileReference section */
		35B460A14AF6B6B31272DE9C /* Pods-Swift5 ChatAppTests.release.xcconfig */ = {isa = PBXFileReference; includeInIndex = 1; lastKnownFileType = text.xcconfig; name = "Pods-Swift5 ChatAppTests.release.xcconfig"; path = "Target Support Files/Pods-Swift5 ChatAppTests/Pods-Swift5 ChatAppTests.release.xcconfig"; sourceTree = "<group>"; };
		373005E5E500EB06923B8D2A /* Pods_Swift5_ChatApp.framework */ = {isa = PBXFileReference; explicitFileType = wrapper.framework; includeInIndex = 0; path = Pods_Swift5_ChatApp.framework; sourceTree = BUILT_PRODUCTS_DIR; };
		3D947CE3D819A119697917E5 /* Pods-Swift5 ChatApp-Swift5 ChatAppUITests.release.xcconfig */ = {isa = PBXFileReference; includeInIndex = 1; lastKnownFileType = text.xcconfig; name = "Pods-Swift5 ChatApp-Swift5 ChatAppUITests.release.xcconfig"; path = "Target Support Files/Pods-Swift5 ChatApp-Swift5 ChatAppUITests/Pods-Swift5 ChatApp-Swift5 ChatAppUITests.release.xcconfig"; sourceTree = "<group>"; };
		42D46E5162F6230C48C62134 /* Pods-Swift5 ChatAppTests.debug.xcconfig */ = {isa = PBXFileReference; includeInIndex = 1; lastKnownFileType = text.xcconfig; name = "Pods-Swift5 ChatAppTests.debug.xcconfig"; path = "Target Support Files/Pods-Swift5 ChatAppTests/Pods-Swift5 ChatAppTests.debug.xcconfig"; sourceTree = "<group>"; };
		50EAF2FDB0F8EA400F175971 /* Pods-Swift5 ChatApp-Swift5 ChatAppUITests.debug.xcconfig */ = {isa = PBXFileReference; includeInIndex = 1; lastKnownFileType = text.xcconfig; name = "Pods-Swift5 ChatApp-Swift5 ChatAppUITests.debug.xcconfig"; path = "Target Support Files/Pods-Swift5 ChatApp-Swift5 ChatAppUITests/Pods-Swift5 ChatApp-Swift5 ChatAppUITests.debug.xcconfig"; sourceTree = "<group>"; };
		50FB947F7808E11FF17ECFE8 /* Pods_Swift5_ChatApp_Swift5_ChatAppUITests.framework */ = {isa = PBXFileReference; explicitFileType = wrapper.framework; includeInIndex = 0; path = Pods_Swift5_ChatApp_Swift5_ChatAppUITests.framework; sourceTree = BUILT_PRODUCTS_DIR; };
		6A1A7F41DB870B060D10A24F /* Pods-Swift5 ChatApp.release.xcconfig */ = {isa = PBXFileReference; includeInIndex = 1; lastKnownFileType = text.xcconfig; name = "Pods-Swift5 ChatApp.release.xcconfig"; path = "Target Support Files/Pods-Swift5 ChatApp/Pods-Swift5 ChatApp.release.xcconfig"; sourceTree = "<group>"; };
		8892A1D9483C62223918275C /* Pods-Swift5 ChatApp.debug.xcconfig */ = {isa = PBXFileReference; includeInIndex = 1; lastKnownFileType = text.xcconfig; name = "Pods-Swift5 ChatApp.debug.xcconfig"; path = "Target Support Files/Pods-Swift5 ChatApp/Pods-Swift5 ChatApp.debug.xcconfig"; sourceTree = "<group>"; };
		AAB3F2E1C9273F628E8A9315 /* Pods_Swift5_ChatAppTests.framework */ = {isa = PBXFileReference; explicitFileType = wrapper.framework; includeInIndex = 0; path = Pods_Swift5_ChatAppTests.framework; sourceTree = BUILT_PRODUCTS_DIR; };
		E7003D17248046F200F15528 /* message.swift */ = {isa = PBXFileReference; lastKnownFileType = sourcecode.swift; path = message.swift; sourceTree = "<group>"; };
		E70BA08C247B1105005E6B26 /* Swift5 ChatApp.app */ = {isa = PBXFileReference; explicitFileType = wrapper.application; includeInIndex = 0; path = "Swift5 ChatApp.app"; sourceTree = BUILT_PRODUCTS_DIR; };
		E70BA08F247B1105005E6B26 /* AppDelegate.swift */ = {isa = PBXFileReference; lastKnownFileType = sourcecode.swift; path = AppDelegate.swift; sourceTree = "<group>"; };
		E70BA091247B1105005E6B26 /* SceneDelegate.swift */ = {isa = PBXFileReference; lastKnownFileType = sourcecode.swift; path = SceneDelegate.swift; sourceTree = "<group>"; };
		E70BA093247B1105005E6B26 /* ViewController.swift */ = {isa = PBXFileReference; lastKnownFileType = sourcecode.swift; path = ViewController.swift; sourceTree = "<group>"; };
		E70BA096247B1105005E6B26 /* Base */ = {isa = PBXFileReference; lastKnownFileType = file.storyboard; name = Base; path = Base.lproj/Main.storyboard; sourceTree = "<group>"; };
		E70BA098247B1108005E6B26 /* Assets.xcassets */ = {isa = PBXFileReference; lastKnownFileType = folder.assetcatalog; path = Assets.xcassets; sourceTree = "<group>"; };
		E70BA09B247B1108005E6B26 /* Base */ = {isa = PBXFileReference; lastKnownFileType = file.storyboard; name = Base; path = Base.lproj/LaunchScreen.storyboard; sourceTree = "<group>"; };
		E70BA09D247B1108005E6B26 /* Info.plist */ = {isa = PBXFileReference; lastKnownFileType = text.plist.xml; path = Info.plist; sourceTree = "<group>"; };
		E70BA0A2247B1108005E6B26 /* Swift5 ChatAppTests.xctest */ = {isa = PBXFileReference; explicitFileType = wrapper.cfbundle; includeInIndex = 0; path = "Swift5 ChatAppTests.xctest"; sourceTree = BUILT_PRODUCTS_DIR; };
		E70BA0A6247B1108005E6B26 /* Swift5_ChatAppTests.swift */ = {isa = PBXFileReference; lastKnownFileType = sourcecode.swift; path = Swift5_ChatAppTests.swift; sourceTree = "<group>"; };
		E70BA0A8247B1108005E6B26 /* Info.plist */ = {isa = PBXFileReference; lastKnownFileType = text.plist.xml; path = Info.plist; sourceTree = "<group>"; };
		E70BA0AD247B1109005E6B26 /* Swift5 ChatAppUITests.xctest */ = {isa = PBXFileReference; explicitFileType = wrapper.cfbundle; includeInIndex = 0; path = "Swift5 ChatAppUITests.xctest"; sourceTree = BUILT_PRODUCTS_DIR; };
		E70BA0B1247B1109005E6B26 /* Swift5_ChatAppUITests.swift */ = {isa = PBXFileReference; lastKnownFileType = sourcecode.swift; path = Swift5_ChatAppUITests.swift; sourceTree = "<group>"; };
		E70BA0B3247B1109005E6B26 /* Info.plist */ = {isa = PBXFileReference; lastKnownFileType = text.plist.xml; path = Info.plist; sourceTree = "<group>"; };
		E7A6CCF2247EAEFA00EC6F17 /* RegisterViewController.swift */ = {isa = PBXFileReference; lastKnownFileType = sourcecode.swift; path = RegisterViewController.swift; sourceTree = "<group>"; };
		E7A6CCF4247EF60800EC6F17 /* ChatViewController.swift */ = {isa = PBXFileReference; lastKnownFileType = sourcecode.swift; path = ChatViewController.swift; sourceTree = "<group>"; };
		E7A6CCF6247EF77800EC6F17 /* LoginViewController.swift */ = {isa = PBXFileReference; lastKnownFileType = sourcecode.swift; path = LoginViewController.swift; sourceTree = "<group>"; };
		E7A6CCF8247EFBF800EC6F17 /* CustomCell.swift */ = {isa = PBXFileReference; lastKnownFileType = sourcecode.swift; path = CustomCell.swift; sourceTree = "<group>"; };
		E7A6CCF9247EFBF800EC6F17 /* CustomCell.xib */ = {isa = PBXFileReference; lastKnownFileType = file.xib; path = CustomCell.xib; sourceTree = "<group>"; };
/* End PBXFileReference section */

/* Begin PBXFrameworksBuildPhase section */
		E70BA089247B1105005E6B26 /* Frameworks */ = {
			isa = PBXFrameworksBuildPhase;
			buildActionMask = 2147483647;
			files = (
				7684F5209B458548243A79E8 /* Pods_Swift5_ChatApp.framework in Frameworks */,
			);
			runOnlyForDeploymentPostprocessing = 0;
		};
		E70BA09F247B1108005E6B26 /* Frameworks */ = {
			isa = PBXFrameworksBuildPhase;
			buildActionMask = 2147483647;
			files = (
				BD5F4085140719D555223519 /* Pods_Swift5_ChatAppTests.framework in Frameworks */,
			);
			runOnlyForDeploymentPostprocessing = 0;
		};
		E70BA0AA247B1109005E6B26 /* Frameworks */ = {
			isa = PBXFrameworksBuildPhase;
			buildActionMask = 2147483647;
			files = (
				AF016D7D4F353F25C93BA0A4 /* Pods_Swift5_ChatApp_Swift5_ChatAppUITests.framework in Frameworks */,
			);
			runOnlyForDeploymentPostprocessing = 0;
		};
/* End PBXFrameworksBuildPhase section */

/* Begin PBXGroup section */
		14447C363A9B88F6FF6E8E68 /* Frameworks */ = {
			isa = PBXGroup;
			children = (
				373005E5E500EB06923B8D2A /* Pods_Swift5_ChatApp.framework */,
				50FB947F7808E11FF17ECFE8 /* Pods_Swift5_ChatApp_Swift5_ChatAppUITests.framework */,
				AAB3F2E1C9273F628E8A9315 /* Pods_Swift5_ChatAppTests.framework */,
			);
			name = Frameworks;
			sourceTree = "<group>";
		};
		8D249F52E5FB2AEC55AF1F88 /* Pods */ = {
			isa = PBXGroup;
			children = (
				8892A1D9483C62223918275C /* Pods-Swift5 ChatApp.debug.xcconfig */,
				6A1A7F41DB870B060D10A24F /* Pods-Swift5 ChatApp.release.xcconfig */,
				50EAF2FDB0F8EA400F175971 /* Pods-Swift5 ChatApp-Swift5 ChatAppUITests.debug.xcconfig */,
				3D947CE3D819A119697917E5 /* Pods-Swift5 ChatApp-Swift5 ChatAppUITests.release.xcconfig */,
				42D46E5162F6230C48C62134 /* Pods-Swift5 ChatAppTests.debug.xcconfig */,
				35B460A14AF6B6B31272DE9C /* Pods-Swift5 ChatAppTests.release.xcconfig */,
			);
			path = Pods;
			sourceTree = "<group>";
		};
		E70BA083247B1104005E6B26 = {
			isa = PBXGroup;
			children = (
				E70BA08E247B1105005E6B26 /* Swift5 ChatApp */,
				E70BA0A5247B1108005E6B26 /* Swift5 ChatAppTests */,
				E70BA0B0247B1109005E6B26 /* Swift5 ChatAppUITests */,
				E70BA08D247B1105005E6B26 /* Products */,
				8D249F52E5FB2AEC55AF1F88 /* Pods */,
				14447C363A9B88F6FF6E8E68 /* Frameworks */,
			);
			sourceTree = "<group>";
		};
		E70BA08D247B1105005E6B26 /* Products */ = {
			isa = PBXGroup;
			children = (
				E70BA08C247B1105005E6B26 /* Swift5 ChatApp.app */,
				E70BA0A2247B1108005E6B26 /* Swift5 ChatAppTests.xctest */,
				E70BA0AD247B1109005E6B26 /* Swift5 ChatAppUITests.xctest */,
			);
			name = Products;
			sourceTree = "<group>";
		};
		E70BA08E247B1105005E6B26 /* Swift5 ChatApp */ = {
			isa = PBXGroup;
			children = (
				E7A6CCEF247EADAC00EC6F17 /* Model */,
				E7A6CCEE247EADA300EC6F17 /* View */,
				E7A6CCED247EAD8A00EC6F17 /* Controller */,
				E70BA09A247B1108005E6B26 /* LaunchScreen.storyboard */,
				E70BA09D247B1108005E6B26 /* Info.plist */,
			);
			path = "Swift5 ChatApp";
			sourceTree = "<group>";
		};
		E70BA0A5247B1108005E6B26 /* Swift5 ChatAppTests */ = {
			isa = PBXGroup;
			children = (
				E70BA0A6247B1108005E6B26 /* Swift5_ChatAppTests.swift */,
				E70BA0A8247B1108005E6B26 /* Info.plist */,
			);
			path = "Swift5 ChatAppTests";
			sourceTree = "<group>";
		};
		E70BA0B0247B1109005E6B26 /* Swift5 ChatAppUITests */ = {
			isa = PBXGroup;
			children = (
				E70BA0B1247B1109005E6B26 /* Swift5_ChatAppUITests.swift */,
				E70BA0B3247B1109005E6B26 /* Info.plist */,
			);
			path = "Swift5 ChatAppUITests";
			sourceTree = "<group>";
		};
		E7A6CCED247EAD8A00EC6F17 /* Controller */ = {
			isa = PBXGroup;
			children = (
				E70BA08F247B1105005E6B26 /* AppDelegate.swift */,
				E70BA091247B1105005E6B26 /* SceneDelegate.swift */,
				E70BA093247B1105005E6B26 /* ViewController.swift */,
				E7A6CCF2247EAEFA00EC6F17 /* RegisterViewController.swift */,
				E7A6CCF4247EF60800EC6F17 /* ChatViewController.swift */,
				E7A6CCF6247EF77800EC6F17 /* LoginViewController.swift */,
			);
			path = Controller;
			sourceTree = "<group>";
		};
		E7A6CCEE247EADA300EC6F17 /* View */ = {
			isa = PBXGroup;
			children = (
				E70BA095247B1105005E6B26 /* Main.storyboard */,
				E70BA098247B1108005E6B26 /* Assets.xcassets */,
				E7A6CCF8247EFBF800EC6F17 /* CustomCell.swift */,
				E7A6CCF9247EFBF800EC6F17 /* CustomCell.xib */,
			);
			path = View;
			sourceTree = "<group>";
		};
		E7A6CCEF247EADAC00EC6F17 /* Model */ = {
			isa = PBXGroup;
			children = (
				E7003D17248046F200F15528 /* message.swift */,
			);
			path = Model;
			sourceTree = "<group>";
		};
/* End PBXGroup section */

/* Begin PBXNativeTarget section */
		E70BA08B247B1105005E6B26 /* Swift5 ChatApp */ = {
			isa = PBXNativeTarget;
			buildConfigurationList = E70BA0B6247B1109005E6B26 /* Build configuration list for PBXNativeTarget "Swift5 ChatApp" */;
			buildPhases = (
				945A74A27B256ABDA1ABF13D /* [CP] Check Pods Manifest.lock */,
				E70BA088247B1105005E6B26 /* Sources */,
				E70BA089247B1105005E6B26 /* Frameworks */,
				E70BA08A247B1105005E6B26 /* Resources */,
				F070908ABF009132D6D3403B /* [CP] Embed Pods Frameworks */,
			);
			buildRules = (
			);
			dependencies = (
			);
			name = "Swift5 ChatApp";
			productName = "Swift5 ChatApp";
			productReference = E70BA08C247B1105005E6B26 /* Swift5 ChatApp.app */;
			productType = "com.apple.product-type.application";
		};
		E70BA0A1247B1108005E6B26 /* Swift5 ChatAppTests */ = {
			isa = PBXNativeTarget;
			buildConfigurationList = E70BA0B9247B1109005E6B26 /* Build configuration list for PBXNativeTarget "Swift5 ChatAppTests" */;
			buildPhases = (
				F89DBDD25C4CD4F93812A773 /* [CP] Check Pods Manifest.lock */,
				E70BA09E247B1108005E6B26 /* Sources */,
				E70BA09F247B1108005E6B26 /* Frameworks */,
				E70BA0A0247B1108005E6B26 /* Resources */,
			);
			buildRules = (
			);
			dependencies = (
				E70BA0A4247B1108005E6B26 /* PBXTargetDependency */,
			);
			name = "Swift5 ChatAppTests";
			productName = "Swift5 ChatAppTests";
			productReference = E70BA0A2247B1108005E6B26 /* Swift5 ChatAppTests.xctest */;
			productType = "com.apple.product-type.bundle.unit-test";
		};
		E70BA0AC247B1109005E6B26 /* Swift5 ChatAppUITests */ = {
			isa = PBXNativeTarget;
			buildConfigurationList = E70BA0BC247B1109005E6B26 /* Build configuration list for PBXNativeTarget "Swift5 ChatAppUITests" */;
			buildPhases = (
				3EB7452C770550220C92E38D /* [CP] Check Pods Manifest.lock */,
				E70BA0A9247B1109005E6B26 /* Sources */,
				E70BA0AA247B1109005E6B26 /* Frameworks */,
				E70BA0AB247B1109005E6B26 /* Resources */,
				16C5A52A40F934B1E4863D48 /* [CP] Embed Pods Frameworks */,
			);
			buildRules = (
			);
			dependencies = (
				E70BA0AF247B1109005E6B26 /* PBXTargetDependency */,
			);
			name = "Swift5 ChatAppUITests";
			productName = "Swift5 ChatAppUITests";
			productReference = E70BA0AD247B1109005E6B26 /* Swift5 ChatAppUITests.xctest */;
			productType = "com.apple.product-type.bundle.ui-testing";
		};
/* End PBXNativeTarget section */

/* Begin PBXProject section */
		E70BA084247B1104005E6B26 /* Project object */ = {
			isa = PBXProject;
			attributes = {
				LastSwiftUpdateCheck = 1140;
				LastUpgradeCheck = 1140;
				ORGANIZATIONNAME = Hiroaki_Hirabayashi;
				TargetAttributes = {
					E70BA08B247B1105005E6B26 = {
						CreatedOnToolsVersion = 11.4;
					};
					E70BA0A1247B1108005E6B26 = {
						CreatedOnToolsVersion = 11.4;
						TestTargetID = E70BA08B247B1105005E6B26;
					};
					E70BA0AC247B1109005E6B26 = {
						CreatedOnToolsVersion = 11.4;
						TestTargetID = E70BA08B247B1105005E6B26;
					};
				};
			};
			buildConfigurationList = E70BA087247B1104005E6B26 /* Build configuration list for PBXProject "Swift5 ChatApp" */;
			compatibilityVersion = "Xcode 9.3";
			developmentRegion = en;
			hasScannedForEncodings = 0;
			knownRegions = (
				en,
				Base,
			);
			mainGroup = E70BA083247B1104005E6B26;
			productRefGroup = E70BA08D247B1105005E6B26 /* Products */;
			projectDirPath = "";
			projectRoot = "";
			targets = (
				E70BA08B247B1105005E6B26 /* Swift5 ChatApp */,
				E70BA0A1247B1108005E6B26 /* Swift5 ChatAppTests */,
				E70BA0AC247B1109005E6B26 /* Swift5 ChatAppUITests */,
			);
		};
/* End PBXProject section */

/* Begin PBXResourcesBuildPhase section */
		E70BA08A247B1105005E6B26 /* Resources */ = {
			isa = PBXResourcesBuildPhase;
			buildActionMask = 2147483647;
			files = (
				E70BA09C247B1108005E6B26 /* LaunchScreen.storyboard in Resources */,
				E70BA099247B1108005E6B26 /* Assets.xcassets in Resources */,
				E7A6CCFB247EFBF900EC6F17 /* CustomCell.xib in Resources */,
				E70BA097247B1105005E6B26 /* Main.storyboard in Resources */,
			);
			runOnlyForDeploymentPostprocessing = 0;
		};
		E70BA0A0247B1108005E6B26 /* Resources */ = {
			isa = PBXResourcesBuildPhase;
			buildActionMask = 2147483647;
			files = (
			);
			runOnlyForDeploymentPostprocessing = 0;
		};
		E70BA0AB247B1109005E6B26 /* Resources */ = {
			isa = PBXResourcesBuildPhase;
			buildActionMask = 2147483647;
			files = (
			);
			runOnlyForDeploymentPostprocessing = 0;
		};
/* End PBXResourcesBuildPhase section */

/* Begin PBXShellScriptBuildPhase section */
		16C5A52A40F934B1E4863D48 /* [CP] Embed Pods Frameworks */ = {
			isa = PBXShellScriptBuildPhase;
			buildActionMask = 2147483647;
			files = (
			);
			inputFileListPaths = (
				"${PODS_ROOT}/Target Support Files/Pods-Swift5 ChatApp-Swift5 ChatAppUITests/Pods-Swift5 ChatApp-Swift5 ChatAppUITests-frameworks-${CONFIGURATION}-input-files.xcfilelist",
			);
			name = "[CP] Embed Pods Frameworks";
			outputFileListPaths = (
				"${PODS_ROOT}/Target Support Files/Pods-Swift5 ChatApp-Swift5 ChatAppUITests/Pods-Swift5 ChatApp-Swift5 ChatAppUITests-frameworks-${CONFIGURATION}-output-files.xcfilelist",
			);
			runOnlyForDeploymentPostprocessing = 0;
			shellPath = /bin/sh;
			shellScript = "\"${PODS_ROOT}/Target Support Files/Pods-Swift5 ChatApp-Swift5 ChatAppUITests/Pods-Swift5 ChatApp-Swift5 ChatAppUITests-frameworks.sh\"\n";
			showEnvVarsInLog = 0;
		};
		3EB7452C770550220C92E38D /* [CP] Check Pods Manifest.lock */ = {
			isa = PBXShellScriptBuildPhase;
			buildActionMask = 2147483647;
			files = (
			);
			inputFileListPaths = (
			);
			inputPaths = (
				"${PODS_PODFILE_DIR_PATH}/Podfile.lock",
				"${PODS_ROOT}/Manifest.lock",
			);
			name = "[CP] Check Pods Manifest.lock";
			outputFileListPaths = (
			);
			outputPaths = (
				"$(DERIVED_FILE_DIR)/Pods-Swift5 ChatApp-Swift5 ChatAppUITests-checkManifestLockResult.txt",
			);
			runOnlyForDeploymentPostprocessing = 0;
			shellPath = /bin/sh;
			shellScript = "diff \"${PODS_PODFILE_DIR_PATH}/Podfile.lock\" \"${PODS_ROOT}/Manifest.lock\" > /dev/null\nif [ $? != 0 ] ; then\n    # print error to STDERR\n    echo \"error: The sandbox is not in sync with the Podfile.lock. Run 'pod install' or update your CocoaPods installation.\" >&2\n    exit 1\nfi\n# This output is used by Xcode 'outputs' to avoid re-running this script phase.\necho \"SUCCESS\" > \"${SCRIPT_OUTPUT_FILE_0}\"\n";
			showEnvVarsInLog = 0;
		};
		945A74A27B256ABDA1ABF13D /* [CP] Check Pods Manifest.lock */ = {
			isa = PBXShellScriptBuildPhase;
			buildActionMask = 2147483647;
			files = (
			);
			inputFileListPaths = (
			);
			inputPaths = (
				"${PODS_PODFILE_DIR_PATH}/Podfile.lock",
				"${PODS_ROOT}/Manifest.lock",
			);
			name = "[CP] Check Pods Manifest.lock";
			outputFileListPaths = (
			);
			outputPaths = (
				"$(DERIVED_FILE_DIR)/Pods-Swift5 ChatApp-checkManifestLockResult.txt",
			);
			runOnlyForDeploymentPostprocessing = 0;
			shellPath = /bin/sh;
			shellScript = "diff \"${PODS_PODFILE_DIR_PATH}/Podfile.lock\" \"${PODS_ROOT}/Manifest.lock\" > /dev/null\nif [ $? != 0 ] ; then\n    # print error to STDERR\n    echo \"error: The sandbox is not in sync with the Podfile.lock. Run 'pod install' or update your CocoaPods installation.\" >&2\n    exit 1\nfi\n# This output is used by Xcode 'outputs' to avoid re-running this script phase.\necho \"SUCCESS\" > \"${SCRIPT_OUTPUT_FILE_0}\"\n";
			showEnvVarsInLog = 0;
		};
		F070908ABF009132D6D3403B /* [CP] Embed Pods Frameworks */ = {
			isa = PBXShellScriptBuildPhase;
			buildActionMask = 2147483647;
			files = (
			);
			inputFileListPaths = (
				"${PODS_ROOT}/Target Support Files/Pods-Swift5 ChatApp/Pods-Swift5 ChatApp-frameworks-${CONFIGURATION}-input-files.xcfilelist",
			);
			name = "[CP] Embed Pods Frameworks";
			outputFileListPaths = (
				"${PODS_ROOT}/Target Support Files/Pods-Swift5 ChatApp/Pods-Swift5 ChatApp-frameworks-${CONFIGURATION}-output-files.xcfilelist",
			);
			runOnlyForDeploymentPostprocessing = 0;
			shellPath = /bin/sh;
			shellScript = "\"${PODS_ROOT}/Target Support Files/Pods-Swift5 ChatApp/Pods-Swift5 ChatApp-frameworks.sh\"\n";
			showEnvVarsInLog = 0;
		};
		F89DBDD25C4CD4F93812A773 /* [CP] Check Pods Manifest.lock */ = {
			isa = PBXShellScriptBuildPhase;
			buildActionMask = 2147483647;
			files = (
			);
			inputFileListPaths = (
			);
			inputPaths = (
				"${PODS_PODFILE_DIR_PATH}/Podfile.lock",
				"${PODS_ROOT}/Manifest.lock",
			);
			name = "[CP] Check Pods Manifest.lock";
			outputFileListPaths = (
			);
			outputPaths = (
				"$(DERIVED_FILE_DIR)/Pods-Swift5 ChatAppTests-checkManifestLockResult.txt",
			);
			runOnlyForDeploymentPostprocessing = 0;
			shellPath = /bin/sh;
			shellScript = "diff \"${PODS_PODFILE_DIR_PATH}/Podfile.lock\" \"${PODS_ROOT}/Manifest.lock\" > /dev/null\nif [ $? != 0 ] ; then\n    # print error to STDERR\n    echo \"error: The sandbox is not in sync with the Podfile.lock. Run 'pod install' or update your CocoaPods installation.\" >&2\n    exit 1\nfi\n# This output is used by Xcode 'outputs' to avoid re-running this script phase.\necho \"SUCCESS\" > \"${SCRIPT_OUTPUT_FILE_0}\"\n";
			showEnvVarsInLog = 0;
		};
/* End PBXShellScriptBuildPhase section */

/* Begin PBXSourcesBuildPhase section */
		E70BA088247B1105005E6B26 /* Sources */ = {
			isa = PBXSourcesBuildPhase;
			buildActionMask = 2147483647;
			files = (
				E7A6CCF7247EF77800EC6F17 /* LoginViewController.swift in Sources */,
				E70BA094247B1105005E6B26 /* ViewController.swift in Sources */,
				E70BA090247B1105005E6B26 /* AppDelegate.swift in Sources */,
				E70BA092247B1105005E6B26 /* SceneDelegate.swift in Sources */,
				E7A6CCF5247EF60800EC6F17 /* ChatViewController.swift in Sources */,
				E7003D18248046F200F15528 /* message.swift in Sources */,
				E7A6CCFA247EFBF800EC6F17 /* CustomCell.swift in Sources */,
				E7A6CCF3247EAEFA00EC6F17 /* RegisterViewController.swift in Sources */,
			);
			runOnlyForDeploymentPostprocessing = 0;
		};
		E70BA09E247B1108005E6B26 /* Sources */ = {
			isa = PBXSourcesBuildPhase;
			buildActionMask = 2147483647;
			files = (
				E70BA0A7247B1108005E6B26 /* Swift5_ChatAppTests.swift in Sources */,
			);
			runOnlyForDeploymentPostprocessing = 0;
		};
		E70BA0A9247B1109005E6B26 /* Sources */ = {
			isa = PBXSourcesBuildPhase;
			buildActionMask = 2147483647;
			files = (
				E70BA0B2247B1109005E6B26 /* Swift5_ChatAppUITests.swift in Sources */,
			);
			runOnlyForDeploymentPostprocessing = 0;
		};
/* End PBXSourcesBuildPhase section */

/* Begin PBXTargetDependency section */
		E70BA0A4247B1108005E6B26 /* PBXTargetDependency */ = {
			isa = PBXTargetDependency;
			target = E70BA08B247B1105005E6B26 /* Swift5 ChatApp */;
			targetProxy = E70BA0A3247B1108005E6B26 /* PBXContainerItemProxy */;
		};
		E70BA0AF247B1109005E6B26 /* PBXTargetDependency */ = {
			isa = PBXTargetDependency;
			target = E70BA08B247B1105005E6B26 /* Swift5 ChatApp */;
			targetProxy = E70BA0AE247B1109005E6B26 /* PBXContainerItemProxy */;
		};
/* End PBXTargetDependency section */

/* Begin PBXVariantGroup section */
		E70BA095247B1105005E6B26 /* Main.storyboard */ = {
			isa = PBXVariantGroup;
			children = (
				E70BA096247B1105005E6B26 /* Base */,
			);
			name = Main.storyboard;
			sourceTree = "<group>";
		};
		E70BA09A247B1108005E6B26 /* LaunchScreen.storyboard */ = {
			isa = PBXVariantGroup;
			children = (
				E70BA09B247B1108005E6B26 /* Base */,
			);
			name = LaunchScreen.storyboard;
			sourceTree = "<group>";
		};
/* End PBXVariantGroup section */

/* Begin XCBuildConfiguration section */
		E70BA0B4247B1109005E6B26 /* Debug */ = {
			isa = XCBuildConfiguration;
			buildSettings = {
				ALWAYS_SEARCH_USER_PATHS = NO;
				CLANG_ANALYZER_NONNULL = YES;
				CLANG_ANALYZER_NUMBER_OBJECT_CONVERSION = YES_AGGRESSIVE;
				CLANG_CXX_LANGUAGE_STANDARD = "gnu++14";
				CLANG_CXX_LIBRARY = "libc++";
				CLANG_ENABLE_MODULES = YES;
				CLANG_ENABLE_OBJC_ARC = YES;
				CLANG_ENABLE_OBJC_WEAK = YES;
				CLANG_WARN_BLOCK_CAPTURE_AUTORELEASING = YES;
				CLANG_WARN_BOOL_CONVERSION = YES;
				CLANG_WARN_COMMA = YES;
				CLANG_WARN_CONSTANT_CONVERSION = YES;
				CLANG_WARN_DEPRECATED_OBJC_IMPLEMENTATIONS = YES;
				CLANG_WARN_DIRECT_OBJC_ISA_USAGE = YES_ERROR;
				CLANG_WARN_DOCUMENTATION_COMMENTS = YES;
				CLANG_WARN_EMPTY_BODY = YES;
				CLANG_WARN_ENUM_CONVERSION = YES;
				CLANG_WARN_INFINITE_RECURSION = YES;
				CLANG_WARN_INT_CONVERSION = YES;
				CLANG_WARN_NON_LITERAL_NULL_CONVERSION = YES;
				CLANG_WARN_OBJC_IMPLICIT_RETAIN_SELF = YES;
				CLANG_WARN_OBJC_LITERAL_CONVERSION = YES;
				CLANG_WARN_OBJC_ROOT_CLASS = YES_ERROR;
				CLANG_WARN_RANGE_LOOP_ANALYSIS = YES;
				CLANG_WARN_STRICT_PROTOTYPES = YES;
				CLANG_WARN_SUSPICIOUS_MOVE = YES;
				CLANG_WARN_UNGUARDED_AVAILABILITY = YES_AGGRESSIVE;
				CLANG_WARN_UNREACHABLE_CODE = YES;
				CLANG_WARN__DUPLICATE_METHOD_MATCH = YES;
				COPY_PHASE_STRIP = NO;
				DEBUG_INFORMATION_FORMAT = dwarf;
				ENABLE_STRICT_OBJC_MSGSEND = YES;
				ENABLE_TESTABILITY = YES;
				GCC_C_LANGUAGE_STANDARD = gnu11;
				GCC_DYNAMIC_NO_PIC = NO;
				GCC_NO_COMMON_BLOCKS = YES;
				GCC_OPTIMIZATION_LEVEL = 0;
				GCC_PREPROCESSOR_DEFINITIONS = (
					"DEBUG=1",
					"$(inherited)",
				);
				GCC_WARN_64_TO_32_BIT_CONVERSION = YES;
				GCC_WARN_ABOUT_RETURN_TYPE = YES_ERROR;
				GCC_WARN_UNDECLARED_SELECTOR = YES;
				GCC_WARN_UNINITIALIZED_AUTOS = YES_AGGRESSIVE;
				GCC_WARN_UNUSED_FUNCTION = YES;
				GCC_WARN_UNUSED_VARIABLE = YES;
				IPHONEOS_DEPLOYMENT_TARGET = 13.4;
				MTL_ENABLE_DEBUG_INFO = INCLUDE_SOURCE;
				MTL_FAST_MATH = YES;
				ONLY_ACTIVE_ARCH = YES;
				SDKROOT = iphoneos;
				SWIFT_ACTIVE_COMPILATION_CONDITIONS = DEBUG;
				SWIFT_OPTIMIZATION_LEVEL = "-Onone";
			};
			name = Debug;
		};
		E70BA0B5247B1109005E6B26 /* Release */ = {
			isa = XCBuildConfiguration;
			buildSettings = {
				ALWAYS_SEARCH_USER_PATHS = NO;
				CLANG_ANALYZER_NONNULL = YES;
				CLANG_ANALYZER_NUMBER_OBJECT_CONVERSION = YES_AGGRESSIVE;
				CLANG_CXX_LANGUAGE_STANDARD = "gnu++14";
				CLANG_CXX_LIBRARY = "libc++";
				CLANG_ENABLE_MODULES = YES;
				CLANG_ENABLE_OBJC_ARC = YES;
				CLANG_ENABLE_OBJC_WEAK = YES;
				CLANG_WARN_BLOCK_CAPTURE_AUTORELEASING = YES;
				CLANG_WARN_BOOL_CONVERSION = YES;
				CLANG_WARN_COMMA = YES;
				CLANG_WARN_CONSTANT_CONVERSION = YES;
				CLANG_WARN_DEPRECATED_OBJC_IMPLEMENTATIONS = YES;
				CLANG_WARN_DIRECT_OBJC_ISA_USAGE = YES_ERROR;
				CLANG_WARN_DOCUMENTATION_COMMENTS = YES;
				CLANG_WARN_EMPTY_BODY = YES;
				CLANG_WARN_ENUM_CONVERSION = YES;
				CLANG_WARN_INFINITE_RECURSION = YES;
				CLANG_WARN_INT_CONVERSION = YES;
				CLANG_WARN_NON_LITERAL_NULL_CONVERSION = YES;
				CLANG_WARN_OBJC_IMPLICIT_RETAIN_SELF = YES;
				CLANG_WARN_OBJC_LITERAL_CONVERSION = YES;
				CLANG_WARN_OBJC_ROOT_CLASS = YES_ERROR;
				CLANG_WARN_RANGE_LOOP_ANALYSIS = YES;
				CLANG_WARN_STRICT_PROTOTYPES = YES;
				CLANG_WARN_SUSPICIOUS_MOVE = YES;
				CLANG_WARN_UNGUARDED_AVAILABILITY = YES_AGGRESSIVE;
				CLANG_WARN_UNREACHABLE_CODE = YES;
				CLANG_WARN__DUPLICATE_METHOD_MATCH = YES;
				COPY_PHASE_STRIP = NO;
				DEBUG_INFORMATION_FORMAT = "dwarf-with-dsym";
				ENABLE_NS_ASSERTIONS = NO;
				ENABLE_STRICT_OBJC_MSGSEND = YES;
				GCC_C_LANGUAGE_STANDARD = gnu11;
				GCC_NO_COMMON_BLOCKS = YES;
				GCC_WARN_64_TO_32_BIT_CONVERSION = YES;
				GCC_WARN_ABOUT_RETURN_TYPE = YES_ERROR;
				GCC_WARN_UNDECLARED_SELECTOR = YES;
				GCC_WARN_UNINITIALIZED_AUTOS = YES_AGGRESSIVE;
				GCC_WARN_UNUSED_FUNCTION = YES;
				GCC_WARN_UNUSED_VARIABLE = YES;
				IPHONEOS_DEPLOYMENT_TARGET = 13.4;
				MTL_ENABLE_DEBUG_INFO = NO;
				MTL_FAST_MATH = YES;
				SDKROOT = iphoneos;
				SWIFT_COMPILATION_MODE = wholemodule;
				SWIFT_OPTIMIZATION_LEVEL = "-O";
				VALIDATE_PRODUCT = YES;
			};
			name = Release;
		};
		E70BA0B7247B1109005E6B26 /* Debug */ = {
			isa = XCBuildConfiguration;
			baseConfigurationReference = 8892A1D9483C62223918275C /* Pods-Swift5 ChatApp.debug.xcconfig */;
			buildSettings = {
				ASSETCATALOG_COMPILER_APPICON_NAME = AppIcon;
				CODE_SIGN_STYLE = Automatic;
				INFOPLIST_FILE = "Swift5 ChatApp/Info.plist";
				LD_RUNPATH_SEARCH_PATHS = (
					"$(inherited)",
					"@executable_path/Frameworks",
				);
				PRODUCT_BUNDLE_IDENTIFIER = "com.-Hiroaki-Hirabayashi.Swift5-ChatApp";
				PRODUCT_NAME = "$(TARGET_NAME)";
				SWIFT_VERSION = 5.0;
				TARGETED_DEVICE_FAMILY = "1,2";
			};
			name = Debug;
		};
		E70BA0B8247B1109005E6B26 /* Release */ = {
			isa = XCBuildConfiguration;
			baseConfigurationReference = 6A1A7F41DB870B060D10A24F /* Pods-Swift5 ChatApp.release.xcconfig */;
			buildSettings = {
				ASSETCATALOG_COMPILER_APPICON_NAME = AppIcon;
				CODE_SIGN_STYLE = Automatic;
				INFOPLIST_FILE = "Swift5 ChatApp/Info.plist";
				LD_RUNPATH_SEARCH_PATHS = (
					"$(inherited)",
					"@executable_path/Frameworks",
				);
				PRODUCT_BUNDLE_IDENTIFIER = "com.-Hiroaki-Hirabayashi.Swift5-ChatApp";
				PRODUCT_NAME = "$(TARGET_NAME)";
				SWIFT_VERSION = 5.0;
				TARGETED_DEVICE_FAMILY = "1,2";
			};
			name = Release;
		};
		E70BA0BA247B1109005E6B26 /* Debug */ = {
			isa = XCBuildConfiguration;
			baseConfigurationReference = 42D46E5162F6230C48C62134 /* Pods-Swift5 ChatAppTests.debug.xcconfig */;
			buildSettings = {
				ALWAYS_EMBED_SWIFT_STANDARD_LIBRARIES = YES;
				BUNDLE_LOADER = "$(TEST_HOST)";
				CODE_SIGN_STYLE = Automatic;
				INFOPLIST_FILE = "Swift5 ChatAppTests/Info.plist";
				IPHONEOS_DEPLOYMENT_TARGET = 13.4;
				LD_RUNPATH_SEARCH_PATHS = (
					"$(inherited)",
					"@executable_path/Frameworks",
					"@loader_path/Frameworks",
				);
				PRODUCT_BUNDLE_IDENTIFIER = "com.-Hiroaki-Hirabayashi.Swift5-ChatAppTests";
				PRODUCT_NAME = "$(TARGET_NAME)";
				SWIFT_VERSION = 5.0;
				TARGETED_DEVICE_FAMILY = "1,2";
				TEST_HOST = "$(BUILT_PRODUCTS_DIR)/Swift5 ChatApp.app/Swift5 ChatApp";
			};
			name = Debug;
		};
		E70BA0BB247B1109005E6B26 /* Release */ = {
			isa = XCBuildConfiguration;
			baseConfigurationReference = 35B460A14AF6B6B31272DE9C /* Pods-Swift5 ChatAppTests.release.xcconfig */;
			buildSettings = {
				ALWAYS_EMBED_SWIFT_STANDARD_LIBRARIES = YES;
				BUNDLE_LOADER = "$(TEST_HOST)";
				CODE_SIGN_STYLE = Automatic;
				INFOPLIST_FILE = "Swift5 ChatAppTests/Info.plist";
				IPHONEOS_DEPLOYMENT_TARGET = 13.4;
				LD_RUNPATH_SEARCH_PATHS = (
					"$(inherited)",
					"@executable_path/Frameworks",
					"@loader_path/Frameworks",
				);
				PRODUCT_BUNDLE_IDENTIFIER = "com.-Hiroaki-Hirabayashi.Swift5-ChatAppTests";
				PRODUCT_NAME = "$(TARGET_NAME)";
				SWIFT_VERSION = 5.0;
				TARGETED_DEVICE_FAMILY = "1,2";
				TEST_HOST = "$(BUILT_PRODUCTS_DIR)/Swift5 ChatApp.app/Swift5 ChatApp";
			};
			name = Release;
		};
		E70BA0BD247B1109005E6B26 /* Debug */ = {
			isa = XCBuildConfiguration;
			baseConfigurationReference = 50EAF2FDB0F8EA400F175971 /* Pods-Swift5 ChatApp-Swift5 ChatAppUITests.debug.xcconfig */;
			buildSettings = {
				ALWAYS_EMBED_SWIFT_STANDARD_LIBRARIES = YES;
				CODE_SIGN_STYLE = Automatic;
				INFOPLIST_FILE = "Swift5 ChatAppUITests/Info.plist";
				LD_RUNPATH_SEARCH_PATHS = (
					"$(inherited)",
					"@executable_path/Frameworks",
					"@loader_path/Frameworks",
				);
				PRODUCT_BUNDLE_IDENTIFIER = "com.-Hiroaki-Hirabayashi.Swift5-ChatAppUITests";
				PRODUCT_NAME = "$(TARGET_NAME)";
				SWIFT_VERSION = 5.0;
				TARGETED_DEVICE_FAMILY = "1,2";
				TEST_TARGET_NAME = "Swift5 ChatApp";
			};
			name = Debug;
		};
		E70BA0BE247B1109005E6B26 /* Release */ = {
			isa = XCBuildConfiguration;
			baseConfigurationReference = 3D947CE3D819A119697917E5 /* Pods-Swift5 ChatApp-Swift5 ChatAppUITests.release.xcconfig */;
			buildSettings = {
				ALWAYS_EMBED_SWIFT_STANDARD_LIBRARIES = YES;
				CODE_SIGN_STYLE = Automatic;
				INFOPLIST_FILE = "Swift5 ChatAppUITests/Info.plist";
				LD_RUNPATH_SEARCH_PATHS = (
					"$(inherited)",
					"@executable_path/Frameworks",
					"@loader_path/Frameworks",
				);
				PRODUCT_BUNDLE_IDENTIFIER = "com.-Hiroaki-Hirabayashi.Swift5-ChatAppUITests";
				PRODUCT_NAME = "$(TARGET_NAME)";
				SWIFT_VERSION = 5.0;
				TARGETED_DEVICE_FAMILY = "1,2";
				TEST_TARGET_NAME = "Swift5 ChatApp";
			};
			name = Release;
		};
/* End XCBuildConfiguration section */

/* Begin XCConfigurationList section */
		E70BA087247B1104005E6B26 /* Build configuration list for PBXProject "Swift5 ChatApp" */ = {
			isa = XCConfigurationList;
			buildConfigurations = (
				E70BA0B4247B1109005E6B26 /* Debug */,
				E70BA0B5247B1109005E6B26 /* Release */,
			);
			defaultConfigurationIsVisible = 0;
			defaultConfigurationName = Release;
		};
		E70BA0B6247B1109005E6B26 /* Build configuration list for PBXNativeTarget "Swift5 ChatApp" */ = {
			isa = XCConfigurationList;
			buildConfigurations = (
				E70BA0B7247B1109005E6B26 /* Debug */,
				E70BA0B8247B1109005E6B26 /* Release */,
			);
			defaultConfigurationIsVisible = 0;
			defaultConfigurationName = Release;
		};
		E70BA0B9247B1109005E6B26 /* Build configuration list for PBXNativeTarget "Swift5 ChatAppTests" */ = {
			isa = XCConfigurationList;
			buildConfigurations = (
				E70BA0BA247B1109005E6B26 /* Debug */,
				E70BA0BB247B1109005E6B26 /* Release */,
			);
			defaultConfigurationIsVisible = 0;
			defaultConfigurationName = Release;
		};
		E70BA0BC247B1109005E6B26 /* Build configuration list for PBXNativeTarget "Swift5 ChatAppUITests" */ = {
			isa = XCConfigurationList;
			buildConfigurations = (
				E70BA0BD247B1109005E6B26 /* Debug */,
				E70BA0BE247B1109005E6B26 /* Release */,
			);
			defaultConfigurationIsVisible = 0;
			defaultConfigurationName = Release;
		};
/* End XCConfigurationList section */
	};
	rootObject = E70BA084247B1104005E6B26 /* Project object */;
}
